# This file is automatically @generated by Cargo.
# It is not intended for manual editing.
version = 4

[[package]]
name = "bitflags"
version = "2.11.0"
source = "registry+https://github.com/rust-lang/crates.io-index"
checksum = "843867be96c8daad0d758b57df9392b6d8d271134fce549de6ce169ff98a92af"

[[package]]
name = "hello"
version = "0.1.0"
dependencies = [
 "rko-core",
]

[[package]]
name = "kvec_test"
version = "0.1.0"
dependencies = [
 "rko-core",
]

[[package]]
name = "paste"
version = "1.0.15"
source = "registry+https://github.com/rust-lang/crates.io-index"
checksum = "57c0d7b74b563b49d38dae00a0c37d4d6de9b432382b2892f0574ddcae73fd0a"

[[package]]
name = "pinned-init"
version = "0.0.10"
source = "registry+https://github.com/rust-lang/crates.io-index"
checksum = "e82ef52a6d0cd8fb1282340a1c6fb773f64cd28332b03f58d5428e821798153d"
dependencies = [
 "paste",
 "pinned-init-macro",
 "rustc_version",
]

[[package]]
name = "pinned-init-macro"
version = "0.0.6"
source = "registry+https://github.com/rust-lang/crates.io-index"
checksum = "3d449b713caa03c1db93b217633063bb185412bd24e11564db0f326a890d8dad"
dependencies = [
 "proc-macro2",
 "quote",
 "rustc_version",
]

[[package]]
name = "proc-macro2"
version = "1.0.106"
source = "registry+https://github.com/rust-lang/crates.io-index"
checksum = "8fd00f0bb2e90d81d1044c2b32617f68fcb9fa3bb7640c23e9c748e53fb30934"
dependencies = [
 "unicode-ident",
]

[[package]]
name = "quote"
version = "1.0.44"
source = "registry+https://github.com/rust-lang/crates.io-index"
checksum = "21b2ebcf727b7760c461f091f9f0f539b77b8e87f2fd88131e7f1b433b3cece4"
dependencies = [
 "proc-macro2",
]

[[package]]
name = "rko-core"
version = "0.1.0"
dependencies = [
 "bitflags",
 "pinned-init",
 "rko-sys",
]

[[package]]
name = "rko-sys"
version = "0.1.0"
dependencies = [
 "windows-link",
]

[[package]]
name = "rofs_test"
version = "0.1.0"
dependencies = [
 "rko-core",
]

[[package]]
name = "rustc_version"
version = "0.4.1"
source = "registry+https://github.com/rust-lang/crates.io-index"
checksum = "cfcb3a22ef46e85b45de6ee7e79d063319ebb6594faafcf1c225ea92ab6e9b92"
dependencies = [
 "semver",
]

[[package]]
name = "semver"
version = "1.0.27"
source = "registry+https://github.com/rust-lang/crates.io-index"
checksum = "d767eb0aabc880b29956c35734170f26ed551a859dbd361d140cdbeca61ab1e2"

[[package]]
name = "unicode-ident"
version = "1.0.24"
source = "registry+https://github.com/rust-lang/crates.io-index"
checksum = "e6e4313cd5fcd3dad5cafa179702e2b244f760991f45397d14d4ebf38247da75"

[[package]]
name = "windows-link"
version = "0.2.1"
source = "registry+https://github.com/rust-lang/crates.io-index"
checksum = "f0805222e57f7521d6a62e36fa9163bc891acd422f971defe97d64e70d0a4fe5"
