# This file is automatically @generated by Cargo.
# It is not intended for manual editing.
version = 4

[[package]]
name = "bitflags"
version = "2.11.0"
source = "registry+https://github.com/rust-lang/crates.io-index"
checksum = "843867be96c8daad0d758b57df9392b6d8d271134fce549de6ce169ff98a92af"

[[package]]
name = "kvec_test"
version = "0.1.0"
dependencies = [
 "rko-core",
]

[[package]]
name = "rko-core"
version = "0.1.0"
dependencies = [
 "bitflags",
 "rko-sys",
]

[[package]]
name = "rko-sys"
version = "0.1.0"
dependencies = [
 "windows-link",
]

[[package]]
name = "windows-link"
version = "0.2.1"
source = "registry+https://github.com/rust-lang/crates.io-index"
checksum = "f0805222e57f7521d6a62e36fa9163bc891acd422f971defe97d64e70d0a4fe5"
